
Microsoft Visual Studio Solution File, Format Version 12.00
# Visual Studio 2012
Project("{8BC9CEB8-8B4A-11D0-8D11-00A0C91BC942}") = "syougi2", "syougi2.vcxproj", "{F2A3F095-43D4-4DCF-9496-7C347849BCB2}"
EndProject
Global
	GlobalSection(SolutionConfigurationPlatforms) = preSolution
		Debug|Win32 = Debug|Win32
		Release|Win32 = Release|Win32
	EndGlobalSection
	GlobalSection(ProjectConfigurationPlatforms) = postSolution
		{F2A3F095-43D4-4DCF-9496-7C347849BCB2}.Debug|Win32.ActiveCfg = Debug|Win32
		{F2A3F095-43D4-4DCF-9496-7C347849BCB2}.Debug|Win32.Build.0 = Debug|Win32
		{F2A3F095-43D4-4DCF-9496-7C347849BCB2}.Release|Win32.ActiveCfg = Release|Win32
		{F2A3F095-43D4-4DCF-9496-7C347849BCB2}.Release|Win32.Build.0 = Release|Win32
	EndGlobalSection
	GlobalSection(SolutionProperties) = preSolution
		HideSolutionNode = FALSE
	EndGlobalSection
EndGlobal
