<?xml version="1.0" encoding="utf-8"?>
<Project ToolsVersion="4.0" xmlns="http://schemas.microsoft.com/developer/msbuild/2003">
  <ItemGroup>
    <Filter Include="ソース ファイル">
      <UniqueIdentifier>{4FC737F1-C7A5-4376-A066-2A32D752A2FF}</UniqueIdentifier>
      <Extensions>cpp;c;cc;cxx;def;odl;idl;hpj;bat;asm;asmx</Extensions>
    </Filter>
    <Filter Include="ヘッダー ファイル">
      <UniqueIdentifier>{93995380-89BD-4b04-88EB-625FBE52EBFB}</UniqueIdentifier>
      <Extensions>h;hpp;hxx;hm;inl;inc;xsd</Extensions>
    </Filter>
    <Filter Include="リソース ファイル">
      <UniqueIdentifier>{67DA6AB6-F800-4c08-8B7A-83BB121AAD01}</UniqueIdentifier>
      <Extensions>rc;ico;cur;bmp;dlg;rc2;rct;bin;rgs;gif;jpg;jpeg;jpe;resx;tiff;tif;png;wav;mfcribbon-ms</Extensions>
    </Filter>
  </ItemGroup>
  <ItemGroup>
    <ClCompile Include="BoardPrint.c">
      <Filter>ソース ファイル</Filter>
    </ClCompile>
    <ClCompile Include="CheckOfArea.c">
      <Filter>ソース ファイル</Filter>
    </ClCompile>
    <ClCompile Include="CheckOfInput.c">
      <Filter>ソース ファイル</Filter>
    </ClCompile>
    <ClCompile Include="CheckOfJump_over.c">
      <Filter>ソース ファイル</Filter>
    </ClCompile>
    <ClCompile Include="CheckOfKoma.c">
      <Filter>ソース ファイル</Filter>
    </ClCompile>
    <ClCompile Include="CheckOfKoma_scope.c">
      <Filter>ソース ファイル</Filter>
    </ClCompile>
    <ClCompile Include="GameInit.c">
      <Filter>ソース ファイル</Filter>
    </ClCompile>
    <ClCompile Include="Input.c">
      <Filter>ソース ファイル</Filter>
    </ClCompile>
    <ClCompile Include="main.c">
      <Filter>ソース ファイル</Filter>
    </ClCompile>
    <ClCompile Include="Change_Player.c">
      <Filter>ソース ファイル</Filter>
    </ClCompile>
    <ClCompile Include="CheckOfEnd.c">
      <Filter>ソース ファイル</Filter>
    </ClCompile>
    <ClCompile Include="Position_koma.c">
      <Filter>ソース ファイル</Filter>
    </ClCompile>
    <ClCompile Include="CheckOfTegoma.c">
      <Filter>ソース ファイル</Filter>
    </ClCompile>
  </ItemGroup>
  <ItemGroup>
    <ClInclude Include="BoardPrint.h">
      <Filter>ヘッダー ファイル</Filter>
    </ClInclude>
    <ClInclude Include="CheckOfArea.h">
      <Filter>ヘッダー ファイル</Filter>
    </ClInclude>
    <ClInclude Include="CheckOfInput.h">
      <Filter>ヘッダー ファイル</Filter>
    </ClInclude>
    <ClInclude Include="CheckOfJump_over.h">
      <Filter>ヘッダー ファイル</Filter>
    </ClInclude>
    <ClInclude Include="CheckOfKoma.h">
      <Filter>ヘッダー ファイル</Filter>
    </ClInclude>
    <ClInclude Include="CheckOfKoma_scope.h">
      <Filter>ヘッダー ファイル</Filter>
    </ClInclude>
    <ClInclude Include="Common.h">
      <Filter>ヘッダー ファイル</Filter>
    </ClInclude>
    <ClInclude Include="GameInit.h">
      <Filter>ヘッダー ファイル</Filter>
    </ClInclude>
    <ClInclude Include="Input.h">
      <Filter>ヘッダー ファイル</Filter>
    </ClInclude>
    <ClInclude Include="Position_koma.h">
      <Filter>ヘッダー ファイル</Filter>
    </ClInclude>
    <ClInclude Include="Change_Player.h">
      <Filter>ヘッダー ファイル</Filter>
    </ClInclude>
    <ClInclude Include="CheckOfEnd.h">
      <Filter>ヘッダー ファイル</Filter>
    </ClInclude>
    <ClInclude Include="CheckOfTegoma.h">
      <Filter>ヘッダー ファイル</Filter>
    </ClInclude>
  </ItemGroup>
</Project>